// !$*UTF8*$!
{
	archiveVersion = 1;
	classes = {
	};
	objectVersion = 56;
	objects = {

/* Begin PBXBuildFile section */
		CE2014E82BA9F26600C3AF18 /* testing11App.swift in Sources */ = {isa = PBXBuildFile; fileRef = CE2014E72BA9F26600C3AF18 /* testing11App.swift */; };
		CE2014EA2BA9F26600C3AF18 /* ContentView.swift in Sources */ = {isa = PBXBuildFile; fileRef = CE2014E92BA9F26600C3AF18 /* ContentView.swift */; };
		CE2014EC2BA9F26900C3AF18 /* Assets.xcassets in Resources */ = {isa = PBXBuildFile; fileRef = CE2014EB2BA9F26900C3AF18 /* Assets.xcassets */; };
		CE2014EF2BA9F26900C3AF18 /* Preview Assets.xcassets in Resources */ = {isa = PBXBuildFile; fileRef = CE2014EE2BA9F26900C3AF18 /* Preview Assets.xcassets */; };
		CE2014F92BA9F26900C3AF18 /* testing11Tests.swift in Sources */ = {isa = PBXBuildFile; fileRef = CE2014F82BA9F26900C3AF18 /* testing11Tests.swift */; };
		CE2015032BA9F26900C3AF18 /* testing11UITests.swift in Sources */ = {isa = PBXBuildFile; fileRef = CE2015022BA9F26900C3AF18 /* testing11UITests.swift */; };
		CE2015052BA9F26900C3AF18 /* testing11UITestsLaunchTests.swift in Sources */ = {isa = PBXBuildFile; fileRef = CE2015042BA9F26900C3AF18 /* testing11UITestsLaunchTests.swift */; };
/* End PBXBuildFile section */

/* Begin PBXContainerItemProxy section */
		CE2014F52BA9F26900C3AF18 /* PBXContainerItemProxy */ = {
			isa = PBXContainerItemProxy;
			containerPortal = CE2014DC2BA9F26600C3AF18 /* Project object */;
			proxyType = 1;
			remoteGlobalIDString = CE2014E32BA9F26600C3AF18;
			remoteInfo = testing11;
		};
		CE2014FF2BA9F26900C3AF18 /* PBXContainerItemProxy */ = {
			isa = PBXContainerItemProxy;
			containerPortal = CE2014DC2BA9F26600C3AF18 /* Project object */;
			proxyType = 1;
			remoteGlobalIDString = CE2014E32BA9F26600C3AF18;
			remoteInfo = testing11;
		};
/* End PBXContainerItemProxy section */

/* Begin PBXFileReference section */
		CE2014E42BA9F26600C3AF18 /* testing11.app */ = {isa = PBXFileReference; explicitFileType = wrapper.application; includeInIndex = 0; path = testing11.app; sourceTree = BUILT_PRODUCTS_DIR; };
		CE2014E72BA9F26600C3AF18 /* testing11App.swift */ = {isa = PBXFileReference; lastKnownFileType = sourcecode.swift; path = testing11App.swift; sourceTree = "<group>"; };
		CE2014E92BA9F26600C3AF18 /* ContentView.swift */ = {isa = PBXFileReference; lastKnownFileType = sourcecode.swift; path = ContentView.swift; sourceTree = "<group>"; };
		CE2014EB2BA9F26900C3AF18 /* Assets.xcassets */ = {isa = PBXFileReference; lastKnownFileType = folder.assetcatalog; path = Assets.xcassets; sourceTree = "<group>"; };
		CE2014EE2BA9F26900C3AF18 /* Preview Assets.xcassets */ = {isa = PBXFileReference; lastKnownFileType = folder.assetcatalog; path = "Preview Assets.xcassets"; sourceTree = "<group>"; };
		CE2014F42BA9F26900C3AF18 /* testing11Tests.xctest */ = {isa = PBXFileReference; explicitFileType = wrapper.cfbundle; includeInIndex = 0; path = testing11Tests.xctest; sourceTree = BUILT_PRODUCTS_DIR; };
		CE2014F82BA9F26900C3AF18 /* testing11Tests.swift */ = {isa = PBXFileReference; lastKnownFileType = sourcecode.swift; path = testing11Tests.swift; sourceTree = "<group>"; };
		CE2014FE2BA9F26900C3AF18 /* testing11UITests.xctest */ = {isa = PBXFileReference; explicitFileType = wrapper.cfbundle; includeInIndex = 0; path = testing11UITests.xctest; sourceTree = BUILT_PRODUCTS_DIR; };
		CE2015022BA9F26900C3AF18 /* testing11UITests.swift */ = {isa = PBXFileReference; lastKnownFileType = sourcecode.swift; path = testing11UITests.swift; sourceTree = "<group>"; };
		CE2015042BA9F26900C3AF18 /* testing11UITestsLaunchTests.swift */ = {isa = PBXFileReference; lastKnownFileType = sourcecode.swift; path = testing11UITestsLaunchTests.swift; sourceTree = "<group>"; };
/* End PBXFileReference section */

/* Begin PBXFrameworksBuildPhase section */
		CE2014E12BA9F26600C3AF18 /* Frameworks */ = {
			isa = PBXFrameworksBuildPhase;
			buildActionMask = 2147483647;
			files = (
			);
			runOnlyForDeploymentPostprocessing = 0;
		};
		CE2014F12BA9F26900C3AF18 /* Frameworks */ = {
			isa = PBXFrameworksBuildPhase;
			buildActionMask = 2147483647;
			files = (
			);
			runOnlyForDeploymentPostprocessing = 0;
		};
		CE2014FB2BA9F26900C3AF18 /* Frameworks */ = {
			isa = PBXFrameworksBuildPhase;
			buildActionMask = 2147483647;
			files = (
			);
			runOnlyForDeploymentPostprocessing = 0;
		};
/* End PBXFrameworksBuildPhase section */

/* Begin PBXGroup section */
		CE2014DB2BA9F26600C3AF18 = {
			isa = PBXGroup;
			children = (
				CE2014E62BA9F26600C3AF18 /* testing11 */,
				CE2014F72BA9F26900C3AF18 /* testing11Tests */,
				CE2015012BA9F26900C3AF18 /* testing11UITests */,
				CE2014E52BA9F26600C3AF18 /* Products */,
			);
			sourceTree = "<group>";
		};
		CE2014E52BA9F26600C3AF18 /* Products */ = {
			isa = PBXGroup;
			children = (
				CE2014E42BA9F26600C3AF18 /* testing11.app */,
				CE2014F42BA9F26900C3AF18 /* testing11Tests.xctest */,
				CE2014FE2BA9F26900C3AF18 /* testing11UITests.xctest */,
			);
			name = Products;
			sourceTree = "<group>";
		};
		CE2014E62BA9F26600C3AF18 /* testing11 */ = {
			isa = PBXGroup;
			children = (
				CE2014E72BA9F26600C3AF18 /* testing11App.swift */,
				CE2014E92BA9F26600C3AF18 /* ContentView.swift */,
				CE2014EB2BA9F26900C3AF18 /* Assets.xcassets */,
				CE2014ED2BA9F26900C3AF18 /* Preview Content */,
			);
			path = testing11;
			sourceTree = "<group>";
		};
		CE2014ED2BA9F26900C3AF18 /* Preview Content */ = {
			isa = PBXGroup;
			children = (
				CE2014EE2BA9F26900C3AF18 /* Preview Assets.xcassets */,
			);
			path = "Preview Content";
			sourceTree = "<group>";
		};
		CE2014F72BA9F26900C3AF18 /* testing11Tests */ = {
			isa = PBXGroup;
			children = (
				CE2014F82BA9F26900C3AF18 /* testing11Tests.swift */,
			);
			path = testing11Tests;
			sourceTree = "<group>";
		};
		CE2015012BA9F26900C3AF18 /* testing11UITests */ = {
			isa = PBXGroup;
			children = (
				CE2015022BA9F26900C3AF18 /* testing11UITests.swift */,
				CE2015042BA9F26900C3AF18 /* testing11UITestsLaunchTests.swift */,
			);
			path = testing11UITests;
			sourceTree = "<group>";
		};
/* End PBXGroup section */

/* Begin PBXNativeTarget section */
		CE2014E32BA9F26600C3AF18 /* testing11 */ = {
			isa = PBXNativeTarget;
			buildConfigurationList = CE2015082BA9F26900C3AF18 /* Build configuration list for PBXNativeTarget "testing11" */;
			buildPhases = (
				CE2014E02BA9F26600C3AF18 /* Sources */,
				CE2014E12BA9F26600C3AF18 /* Frameworks */,
				CE2014E22BA9F26600C3AF18 /* Resources */,
			);
			buildRules = (
			);
			dependencies = (
			);
			name = testing11;
			productName = testing11;
			productReference = CE2014E42BA9F26600C3AF18 /* testing11.app */;
			productType = "com.apple.product-type.application";
		};
		CE2014F32BA9F26900C3AF18 /* testing11Tests */ = {
			isa = PBXNativeTarget;
			buildConfigurationList = CE20150B2BA9F26900C3AF18 /* Build configuration list for PBXNativeTarget "testing11Tests" */;
			buildPhases = (
				CE2014F02BA9F26900C3AF18 /* Sources */,
				CE2014F12BA9F26900C3AF18 /* Frameworks */,
				CE2014F22BA9F26900C3AF18 /* Resources */,
			);
			buildRules = (
			);
			dependencies = (
				CE2014F62BA9F26900C3AF18 /* PBXTargetDependency */,
			);
			name = testing11Tests;
			productName = testing11Tests;
			productReference = CE2014F42BA9F26900C3AF18 /* testing11Tests.xctest */;
			productType = "com.apple.product-type.bundle.unit-test";
		};
		CE2014FD2BA9F26900C3AF18 /* testing11UITests */ = {
			isa = PBXNativeTarget;
			buildConfigurationList = CE20150E2BA9F26900C3AF18 /* Build configuration list for PBXNativeTarget "testing11UITests" */;
			buildPhases = (
				CE2014FA2BA9F26900C3AF18 /* Sources */,
				CE2014FB2BA9F26900C3AF18 /* Frameworks */,
				CE2014FC2BA9F26900C3AF18 /* Resources */,
			);
			buildRules = (
			);
			dependencies = (
				CE2015002BA9F26900C3AF18 /* PBXTargetDependency */,
			);
			name = testing11UITests;
			productName = testing11UITests;
			productReference = CE2014FE2BA9F26900C3AF18 /* testing11UITests.xctest */;
			productType = "com.apple.product-type.bundle.ui-testing";
		};
/* End PBXNativeTarget section */

/* Begin PBXProject section */
		CE2014DC2BA9F26600C3AF18 /* Project object */ = {
			isa = PBXProject;
			attributes = {
				BuildIndependentTargetsInParallel = 1;
				LastSwiftUpdateCheck = 1530;
				LastUpgradeCheck = 1530;
				TargetAttributes = {
					CE2014E32BA9F26600C3AF18 = {
						CreatedOnToolsVersion = 15.3;
					};
					CE2014F32BA9F26900C3AF18 = {
						CreatedOnToolsVersion = 15.3;
						TestTargetID = CE2014E32BA9F26600C3AF18;
					};
					CE2014FD2BA9F26900C3AF18 = {
						CreatedOnToolsVersion = 15.3;
						TestTargetID = CE2014E32BA9F26600C3AF18;
					};
				};
			};
			buildConfigurationList = CE2014DF2BA9F26600C3AF18 /* Build configuration list for PBXProject "testing11" */;
			compatibilityVersion = "Xcode 14.0";
			developmentRegion = en;
			hasScannedForEncodings = 0;
			knownRegions = (
				en,
				Base,
			);
			mainGroup = CE2014DB2BA9F26600C3AF18;
			productRefGroup = CE2014E52BA9F26600C3AF18 /* Products */;
			projectDirPath = "";
			projectRoot = "";
			targets = (
				CE2014E32BA9F26600C3AF18 /* testing11 */,
				CE2014F32BA9F26900C3AF18 /* testing11Tests */,
				CE2014FD2BA9F26900C3AF18 /* testing11UITests */,
			);
		};
/* End PBXProject section */

/* Begin PBXResourcesBuildPhase section */
		CE2014E22BA9F26600C3AF18 /* Resources */ = {
			isa = PBXResourcesBuildPhase;
			buildActionMask = 2147483647;
			files = (
				CE2014EF2BA9F26900C3AF18 /* Preview Assets.xcassets in Resources */,
				CE2014EC2BA9F26900C3AF18 /* Assets.xcassets in Resources */,
			);
			runOnlyForDeploymentPostprocessing = 0;
		};
		CE2014F22BA9F26900C3AF18 /* Resources */ = {
			isa = PBXResourcesBuildPhase;
			buildActionMask = 2147483647;
			files = (
			);
			runOnlyForDeploymentPostprocessing = 0;
		};
		CE2014FC2BA9F26900C3AF18 /* Resources */ = {
			isa = PBXResourcesBuildPhase;
			buildActionMask = 2147483647;
			files = (
			);
			runOnlyForDeploymentPostprocessing = 0;
		};
/* End PBXResourcesBuildPhase section */

/* Begin PBXSourcesBuildPhase section */
		CE2014E02BA9F26600C3AF18 /* Sources */ = {
			isa = PBXSourcesBuildPhase;
			buildActionMask = 2147483647;
			files = (
				CE2014EA2BA9F26600C3AF18 /* ContentView.swift in Sources */,
				CE2014E82BA9F26600C3AF18 /* testing11App.swift in Sources */,
			);
			runOnlyForDeploymentPostprocessing = 0;
		};
		CE2014F02BA9F26900C3AF18 /* Sources */ = {
			isa = PBXSourcesBuildPhase;
			buildActionMask = 2147483647;
			files = (
				CE2014F92BA9F26900C3AF18 /* testing11Tests.swift in Sources */,
			);
			runOnlyForDeploymentPostprocessing = 0;
		};
		CE2014FA2BA9F26900C3AF18 /* Sources */ = {
			isa = PBXSourcesBuildPhase;
			buildActionMask = 2147483647;
			files = (
				CE2015032BA9F26900C3AF18 /* testing11UITests.swift in Sources */,
				CE2015052BA9F26900C3AF18 /* testing11UITestsLaunchTests.swift in Sources */,
			);
			runOnlyForDeploymentPostprocessing = 0;
		};
/* End PBXSourcesBuildPhase section */

/* Begin PBXTargetDependency section */
		CE2014F62BA9F26900C3AF18 /* PBXTargetDependency */ = {
			isa = PBXTargetDependency;
			target = CE2014E32BA9F26600C3AF18 /* testing11 */;
			targetProxy = CE2014F52BA9F26900C3AF18 /* PBXContainerItemProxy */;
		};
		CE2015002BA9F26900C3AF18 /* PBXTargetDependency */ = {
			isa = PBXTargetDependency;
			target = CE2014E32BA9F26600C3AF18 /* testing11 */;
			targetProxy = CE2014FF2BA9F26900C3AF18 /* PBXContainerItemProxy */;
		};
/* End PBXTargetDependency section */

/* Begin XCBuildConfiguration section */
		CE2015062BA9F26900C3AF18 /* Debug */ = {
			isa = XCBuildConfiguration;
			buildSettings = {
				ALWAYS_SEARCH_USER_PATHS = NO;
				ASSETCATALOG_COMPILER_GENERATE_SWIFT_ASSET_SYMBOL_EXTENSIONS = YES;
				CLANG_ANALYZER_NONNULL = YES;
				CLANG_ANALYZER_NUMBER_OBJECT_CONVERSION = YES_AGGRESSIVE;
				CLANG_CXX_LANGUAGE_STANDARD = "gnu++20";
				CLANG_ENABLE_MODULES = YES;
				CLANG_ENABLE_OBJC_ARC = YES;
				CLANG_ENABLE_OBJC_WEAK = YES;
				CLANG_WARN_BLOCK_CAPTURE_AUTORELEASING = YES;
				CLANG_WARN_BOOL_CONVERSION = YES;
				CLANG_WARN_COMMA = YES;
				CLANG_WARN_CONSTANT_CONVERSION = YES;
				CLANG_WARN_DEPRECATED_OBJC_IMPLEMENTATIONS = YES;
				CLANG_WARN_DIRECT_OBJC_ISA_USAGE = YES_ERROR;
				CLANG_WARN_DOCUMENTATION_COMMENTS = YES;
				CLANG_WARN_EMPTY_BODY = YES;
				CLANG_WARN_ENUM_CONVERSION = YES;
				CLANG_WARN_INFINITE_RECURSION = YES;
				CLANG_WARN_INT_CONVERSION = YES;
				CLANG_WARN_NON_LITERAL_NULL_CONVERSION = YES;
				CLANG_WARN_OBJC_IMPLICIT_RETAIN_SELF = YES;
				CLANG_WARN_OBJC_LITERAL_CONVERSION = YES;
				CLANG_WARN_OBJC_ROOT_CLASS = YES_ERROR;
				CLANG_WARN_QUOTED_INCLUDE_IN_FRAMEWORK_HEADER = YES;
				CLANG_WARN_RANGE_LOOP_ANALYSIS = YES;
				CLANG_WARN_STRICT_PROTOTYPES = YES;
				CLANG_WARN_SUSPICIOUS_MOVE = YES;
				CLANG_WARN_UNGUARDED_AVAILABILITY = YES_AGGRESSIVE;
				CLANG_WARN_UNREACHABLE_CODE = YES;
				CLANG_WARN__DUPLICATE_METHOD_MATCH = YES;
				COPY_PHASE_STRIP = NO;
				DEBUG_INFORMATION_FORMAT = dwarf;
				ENABLE_STRICT_OBJC_MSGSEND = YES;
				ENABLE_TESTABILITY = YES;
				ENABLE_USER_SCRIPT_SANDBOXING = YES;
				GCC_C_LANGUAGE_STANDARD = gnu17;
				GCC_DYNAMIC_NO_PIC = NO;
				GCC_NO_COMMON_BLOCKS = YES;
				GCC_OPTIMIZATION_LEVEL = 0;
				GCC_PREPROCESSOR_DEFINITIONS = (
					"DEBUG=1",
					"$(inherited)",
				);
				GCC_WARN_64_TO_32_BIT_CONVERSION = YES;
				GCC_WARN_ABOUT_RETURN_TYPE = YES_ERROR;
				GCC_WARN_UNDECLARED_SELECTOR = YES;
				GCC_WARN_UNINITIALIZED_AUTOS = YES_AGGRESSIVE;
				GCC_WARN_UNUSED_FUNCTION = YES;
				GCC_WARN_UNUSED_VARIABLE = YES;
				IPHONEOS_DEPLOYMENT_TARGET = 17.4;
				LOCALIZATION_PREFERS_STRING_CATALOGS = YES;
				MTL_ENABLE_DEBUG_INFO = INCLUDE_SOURCE;
				MTL_FAST_MATH = YES;
				ONLY_ACTIVE_ARCH = YES;
				SDKROOT = iphoneos;
				SWIFT_ACTIVE_COMPILATION_CONDITIONS = "DEBUG $(inherited)";
				SWIFT_OPTIMIZATION_LEVEL = "-Onone";
			};
			name = Debug;
		};
		CE2015072BA9F26900C3AF18 /* Release */ = {
			isa = XCBuildConfiguration;
			buildSettings = {
				ALWAYS_SEARCH_USER_PATHS = NO;
				ASSETCATALOG_COMPILER_GENERATE_SWIFT_ASSET_SYMBOL_EXTENSIONS = YES;
				CLANG_ANALYZER_NONNULL = YES;
				CLANG_ANALYZER_NUMBER_OBJECT_CONVERSION = YES_AGGRESSIVE;
				CLANG_CXX_LANGUAGE_STANDARD = "gnu++20";
				CLANG_ENABLE_MODULES = YES;
				CLANG_ENABLE_OBJC_ARC = YES;
				CLANG_ENABLE_OBJC_WEAK = YES;
				CLANG_WARN_BLOCK_CAPTURE_AUTORELEASING = YES;
				CLANG_WARN_BOOL_CONVERSION = YES;
				CLANG_WARN_COMMA = YES;
				CLANG_WARN_CONSTANT_CONVERSION = YES;
				CLANG_WARN_DEPRECATED_OBJC_IMPLEMENTATIONS = YES;
				CLANG_WARN_DIRECT_OBJC_ISA_USAGE = YES_ERROR;
				CLANG_WARN_DOCUMENTATION_COMMENTS = YES;
				CLANG_WARN_EMPTY_BODY = YES;
				CLANG_WARN_ENUM_CONVERSION = YES;
				CLANG_WARN_INFINITE_RECURSION = YES;
				CLANG_WARN_INT_CONVERSION = YES;
				CLANG_WARN_NON_LITERAL_NULL_CONVERSION = YES;
				CLANG_WARN_OBJC_IMPLICIT_RETAIN_SELF = YES;
				CLANG_WARN_OBJC_LITERAL_CONVERSION = YES;
				CLANG_WARN_OBJC_ROOT_CLASS = YES_ERROR;
				CLANG_WARN_QUOTED_INCLUDE_IN_FRAMEWORK_HEADER = YES;
				CLANG_WARN_RANGE_LOOP_ANALYSIS = YES;
				CLANG_WARN_STRICT_PROTOTYPES = YES;
				CLANG_WARN_SUSPICIOUS_MOVE = YES;
				CLANG_WARN_UNGUARDED_AVAILABILITY = YES_AGGRESSIVE;
				CLANG_WARN_UNREACHABLE_CODE = YES;
				CLANG_WARN__DUPLICATE_METHOD_MATCH = YES;
				COPY_PHASE_STRIP = NO;
				DEBUG_INFORMATION_FORMAT = "dwarf-with-dsym";
				ENABLE_NS_ASSERTIONS = NO;
				ENABLE_STRICT_OBJC_MSGSEND = YES;
				ENABLE_USER_SCRIPT_SANDBOXING = YES;
				GCC_C_LANGUAGE_STANDARD = gnu17;
				GCC_NO_COMMON_BLOCKS = YES;
				GCC_WARN_64_TO_32_BIT_CONVERSION = YES;
				GCC_WARN_ABOUT_RETURN_TYPE = YES_ERROR;
				GCC_WARN_UNDECLARED_SELECTOR = YES;
				GCC_WARN_UNINITIALIZED_AUTOS = YES_AGGRESSIVE;
				GCC_WARN_UNUSED_FUNCTION = YES;
				GCC_WARN_UNUSED_VARIABLE = YES;
				IPHONEOS_DEPLOYMENT_TARGET = 17.4;
				LOCALIZATION_PREFERS_STRING_CATALOGS = YES;
				MTL_ENABLE_DEBUG_INFO = NO;
				MTL_FAST_MATH = YES;
				SDKROOT = iphoneos;
				SWIFT_COMPILATION_MODE = wholemodule;
				VALIDATE_PRODUCT = YES;
			};
			name = Release;
		};
		CE2015092BA9F26900C3AF18 /* Debug */ = {
			isa = XCBuildConfiguration;
			buildSettings = {
				ASSETCATALOG_COMPILER_APPICON_NAME = AppIcon;
				ASSETCATALOG_COMPILER_GLOBAL_ACCENT_COLOR_NAME = AccentColor;
				CODE_SIGN_STYLE = Automatic;
				CURRENT_PROJECT_VERSION = 1;
				DEVELOPMENT_ASSET_PATHS = "\"testing11/Preview Content\"";
				DEVELOPMENT_TEAM = AV882ZG3TN;
				ENABLE_PREVIEWS = YES;
				GENERATE_INFOPLIST_FILE = YES;
				INFOPLIST_KEY_UIApplicationSceneManifest_Generation = YES;
				INFOPLIST_KEY_UIApplicationSupportsIndirectInputEvents = YES;
				INFOPLIST_KEY_UILaunchScreen_Generation = YES;
				INFOPLIST_KEY_UISupportedInterfaceOrientations_iPad = "UIInterfaceOrientationPortrait UIInterfaceOrientationPortraitUpsideDown UIInterfaceOrientationLandscapeLeft UIInterfaceOrientationLandscapeRight";
				INFOPLIST_KEY_UISupportedInterfaceOrientations_iPhone = "UIInterfaceOrientationPortrait UIInterfaceOrientationLandscapeLeft UIInterfaceOrientationLandscapeRight";
				LD_RUNPATH_SEARCH_PATHS = (
					"$(inherited)",
					"@executable_path/Frameworks",
				);
				MARKETING_VERSION = 1.0;
				PRODUCT_BUNDLE_IDENTIFIER = nilakshi.testing11;
				PRODUCT_NAME = "$(TARGET_NAME)";
				SWIFT_EMIT_LOC_STRINGS = YES;
				SWIFT_VERSION = 5.0;
				TARGETED_DEVICE_FAMILY = "1,2";
			};
			name = Debug;
		};
		CE20150A2BA9F26900C3AF18 /* Release */ = {
			isa = XCBuildConfiguration;
			buildSettings = {
				ASSETCATALOG_COMPILER_APPICON_NAME = AppIcon;
				ASSETCATALOG_COMPILER_GLOBAL_ACCENT_COLOR_NAME = AccentColor;
				CODE_SIGN_STYLE = Automatic;
				CURRENT_PROJECT_VERSION = 1;
				DEVELOPMENT_ASSET_PATHS = "\"testing11/Preview Content\"";
				DEVELOPMENT_TEAM = AV882ZG3TN;
				ENABLE_PREVIEWS = YES;
				GENERATE_INFOPLIST_FILE = YES;
				INFOPLIST_KEY_UIApplicationSceneManifest_Generation = YES;
				INFOPLIST_KEY_UIApplicationSupportsIndirectInputEvents = YES;
				INFOPLIST_KEY_UILaunchScreen_Generation = YES;
				INFOPLIST_KEY_UISupportedInterfaceOrientations_iPad = "UIInterfaceOrientationPortrait UIInterfaceOrientationPortraitUpsideDown UIInterfaceOrientationLandscapeLeft UIInterfaceOrientationLandscapeRight";
				INFOPLIST_KEY_UISupportedInterfaceOrientations_iPhone = "UIInterfaceOrientationPortrait UIInterfaceOrientationLandscapeLeft UIInterfaceOrientationLandscapeRight";
				LD_RUNPATH_SEARCH_PATHS = (
					"$(inherited)",
					"@executable_path/Frameworks",
				);
				MARKETING_VERSION = 1.0;
				PRODUCT_BUNDLE_IDENTIFIER = nilakshi.testing11;
				PRODUCT_NAME = "$(TARGET_NAME)";
				SWIFT_EMIT_LOC_STRINGS = YES;
				SWIFT_VERSION = 5.0;
				TARGETED_DEVICE_FAMILY = "1,2";
			};
			name = Release;
		};
		CE20150C2BA9F26900C3AF18 /* Debug */ = {
			isa = XCBuildConfiguration;
			buildSettings = {
				ALWAYS_EMBED_SWIFT_STANDARD_LIBRARIES = YES;
				BUNDLE_LOADER = "$(TEST_HOST)";
				CODE_SIGN_STYLE = Automatic;
				CURRENT_PROJECT_VERSION = 1;
				DEVELOPMENT_TEAM = AV882ZG3TN;
				GENERATE_INFOPLIST_FILE = YES;
				IPHONEOS_DEPLOYMENT_TARGET = 17.4;
				MARKETING_VERSION = 1.0;
				PRODUCT_BUNDLE_IDENTIFIER = nilakshi.testing11Tests;
				PRODUCT_NAME = "$(TARGET_NAME)";
				SWIFT_EMIT_LOC_STRINGS = NO;
				SWIFT_VERSION = 5.0;
				TARGETED_DEVICE_FAMILY = "1,2";
				TEST_HOST = "$(BUILT_PRODUCTS_DIR)/testing11.app/$(BUNDLE_EXECUTABLE_FOLDER_PATH)/testing11";
			};
			name = Debug;
		};
		CE20150D2BA9F26900C3AF18 /* Release */ = {
			isa = XCBuildConfiguration;
			buildSettings = {
				ALWAYS_EMBED_SWIFT_STANDARD_LIBRARIES = YES;
				BUNDLE_LOADER = "$(TEST_HOST)";
				CODE_SIGN_STYLE = Automatic;
				CURRENT_PROJECT_VERSION = 1;
				DEVELOPMENT_TEAM = AV882ZG3TN;
				GENERATE_INFOPLIST_FILE = YES;
				IPHONEOS_DEPLOYMENT_TARGET = 17.4;
				MARKETING_VERSION = 1.0;
				PRODUCT_BUNDLE_IDENTIFIER = nilakshi.testing11Tests;
				PRODUCT_NAME = "$(TARGET_NAME)";
				SWIFT_EMIT_LOC_STRINGS = NO;
				SWIFT_VERSION = 5.0;
				TARGETED_DEVICE_FAMILY = "1,2";
				TEST_HOST = "$(BUILT_PRODUCTS_DIR)/testing11.app/$(BUNDLE_EXECUTABLE_FOLDER_PATH)/testing11";
			};
			name = Release;
		};
		CE20150F2BA9F26900C3AF18 /* Debug */ = {
			isa = XCBuildConfiguration;
			buildSettings = {
				ALWAYS_EMBED_SWIFT_STANDARD_LIBRARIES = YES;
				CODE_SIGN_STYLE = Automatic;
				CURRENT_PROJECT_VERSION = 1;
				DEVELOPMENT_TEAM = AV882ZG3TN;
				GENERATE_INFOPLIST_FILE = YES;
				MARKETING_VERSION = 1.0;
				PRODUCT_BUNDLE_IDENTIFIER = nilakshi.testing11UITests;
				PRODUCT_NAME = "$(TARGET_NAME)";
				SWIFT_EMIT_LOC_STRINGS = NO;
				SWIFT_VERSION = 5.0;
				TARGETED_DEVICE_FAMILY = "1,2";
				TEST_TARGET_NAME = testing11;
			};
			name = Debug;
		};
		CE2015102BA9F26900C3AF18 /* Release */ = {
			isa = XCBuildConfiguration;
			buildSettings = {
				ALWAYS_EMBED_SWIFT_STANDARD_LIBRARIES = YES;
				CODE_SIGN_STYLE = Automatic;
				CURRENT_PROJECT_VERSION = 1;
				DEVELOPMENT_TEAM = AV882ZG3TN;
				GENERATE_INFOPLIST_FILE = YES;
				MARKETING_VERSION = 1.0;
				PRODUCT_BUNDLE_IDENTIFIER = nilakshi.testing11UITests;
				PRODUCT_NAME = "$(TARGET_NAME)";
				SWIFT_EMIT_LOC_STRINGS = NO;
				SWIFT_VERSION = 5.0;
				TARGETED_DEVICE_FAMILY = "1,2";
				TEST_TARGET_NAME = testing11;
			};
			name = Release;
		};
/* End XCBuildConfiguration section */

/* Begin XCConfigurationList section */
		CE2014DF2BA9F26600C3AF18 /* Build configuration list for PBXProject "testing11" */ = {
			isa = XCConfigurationList;
			buildConfigurations = (
				CE2015062BA9F26900C3AF18 /* Debug */,
				CE2015072BA9F26900C3AF18 /* Release */,
			);
			defaultConfigurationIsVisible = 0;
			defaultConfigurationName = Release;
		};
		CE2015082BA9F26900C3AF18 /* Build configuration list for PBXNativeTarget "testing11" */ = {
			isa = XCConfigurationList;
			buildConfigurations = (
				CE2015092BA9F26900C3AF18 /* Debug */,
				CE20150A2BA9F26900C3AF18 /* Release */,
			);
			defaultConfigurationIsVisible = 0;
			defaultConfigurationName = Release;
		};
		CE20150B2BA9F26900C3AF18 /* Build configuration list for PBXNativeTarget "testing11Tests" */ = {
			isa = XCConfigurationList;
			buildConfigurations = (
				CE20150C2BA9F26900C3AF18 /* Debug */,
				CE20150D2BA9F26900C3AF18 /* Release */,
			);
			defaultConfigurationIsVisible = 0;
			defaultConfigurationName = Release;
		};
		CE20150E2BA9F26900C3AF18 /* Build configuration list for PBXNativeTarget "testing11UITests" */ = {
			isa = XCConfigurationList;
			buildConfigurations = (
				CE20150F2BA9F26900C3AF18 /* Debug */,
				CE2015102BA9F26900C3AF18 /* Release */,
			);
			defaultConfigurationIsVisible = 0;
			defaultConfigurationName = Release;
		};
/* End XCConfigurationList section */
	};
	rootObject = CE2014DC2BA9F26600C3AF18 /* Project object */;
}
